
Microsoft Visual Studio Solution File, Format Version 12.00
# Visual Studio Version 17
VisualStudioVersion = 17.0.31903.59
MinimumVisualStudioVersion = 10.0.40219.1
Project("{FAE04EC0-301F-11D3-BF4B-00C04F79EFBC}") = "CqrsExample.Domain", "CqrsExample.Domain\CqrsExample.Domain.csproj", "{A5D96080-08FD-4FB7-BA9D-765F1809B94F}"
EndProject
Project("{FAE04EC0-301F-11D3-BF4B-00C04F79EFBC}") = "CqrsExample.Application", "CqrsExample.Application\CqrsExample.Application.csproj", "{919D85F4-12A9-4442-AD31-F0405C798173}"
EndProject
Project("{FAE04EC0-301F-11D3-BF4B-00C04F79EFBC}") = "CqrsExample.Infrastructure", "CqrsExample.Infrastructure\CqrsExample.Infrastructure.csproj", "{D0410C97-E999-4F4A-B382-3C01668D33A3}"
EndProject
Project("{FAE04EC0-301F-11D3-BF4B-00C04F79EFBC}") = "CqrsExample.Api", "CqrsExample.Api\CqrsExample.Api.csproj", "{BF355DAC-5D95-4E8A-A708-76121E48A75E}"
EndProject
Global
	GlobalSection(SolutionConfigurationPlatforms) = preSolution
		Debug|Any CPU = Debug|Any CPU
		Release|Any CPU = Release|Any CPU
	EndGlobalSection
	GlobalSection(SolutionProperties) = preSolution
		HideSolutionNode = FALSE
	EndGlobalSection
	GlobalSection(ProjectConfigurationPlatforms) = postSolution
		{A5D96080-08FD-4FB7-BA9D-765F1809B94F}.Debug|Any CPU.ActiveCfg = Debug|Any CPU
		{A5D96080-08FD-4FB7-BA9D-765F1809B94F}.Debug|Any CPU.Build.0 = Debug|Any CPU
		{A5D96080-08FD-4FB7-BA9D-765F1809B94F}.Release|Any CPU.ActiveCfg = Release|Any CPU
		{A5D96080-08FD-4FB7-BA9D-765F1809B94F}.Release|Any CPU.Build.0 = Release|Any CPU
		{919D85F4-12A9-4442-AD31-F0405C798173}.Debug|Any CPU.ActiveCfg = Debug|Any CPU
		{919D85F4-12A9-4442-AD31-F0405C798173}.Debug|Any CPU.Build.0 = Debug|Any CPU
		{919D85F4-12A9-4442-AD31-F0405C798173}.Release|Any CPU.ActiveCfg = Release|Any CPU
		{919D85F4-12A9-4442-AD31-F0405C798173}.Release|Any CPU.Build.0 = Release|Any CPU
		{D0410C97-E999-4F4A-B382-3C01668D33A3}.Debug|Any CPU.ActiveCfg = Debug|Any CPU
		{D0410C97-E999-4F4A-B382-3C01668D33A3}.Debug|Any CPU.Build.0 = Debug|Any CPU
		{D0410C97-E999-4F4A-B382-3C01668D33A3}.Release|Any CPU.ActiveCfg = Release|Any CPU
		{D0410C97-E999-4F4A-B382-3C01668D33A3}.Release|Any CPU.Build.0 = Release|Any CPU
		{BF355DAC-5D95-4E8A-A708-76121E48A75E}.Debug|Any CPU.ActiveCfg = Debug|Any CPU
		{BF355DAC-5D95-4E8A-A708-76121E48A75E}.Debug|Any CPU.Build.0 = Debug|Any CPU
		{BF355DAC-5D95-4E8A-A708-76121E48A75E}.Release|Any CPU.ActiveCfg = Release|Any CPU
		{BF355DAC-5D95-4E8A-A708-76121E48A75E}.Release|Any CPU.Build.0 = Release|Any CPU
	EndGlobalSection
EndGlobal
